
Microsoft Visual Studio Solution File, Format Version 10.00
# Visual C++ Express 2008
Project("{8BC9CEB8-8B4A-11D0-8D11-00A0C91BC942}") = "DecEncDLL", "DecEncDLL.vcproj", "{C65BCA66-0635-426C-9800-98E3C019FF2C}"
EndProject
Global
	GlobalSection(SolutionConfigurationPlatforms) = preSolution
		Debug|Win32 = Debug|Win32
		Release|Win32 = Release|Win32
	EndGlobalSection
	GlobalSection(ProjectConfigurationPlatforms) = postSolution
		{C65BCA66-0635-426C-9800-98E3C019FF2C}.Debug|Win32.ActiveCfg = Debug|Win32
		{C65BCA66-0635-426C-9800-98E3C019FF2C}.Debug|Win32.Build.0 = Debug|Win32
		{C65BCA66-0635-426C-9800-98E3C019FF2C}.Release|Win32.ActiveCfg = Release|Win32
		{C65BCA66-0635-426C-9800-98E3C019FF2C}.Release|Win32.Build.0 = Release|Win32
	EndGlobalSection
	GlobalSection(SolutionProperties) = preSolution
		HideSolutionNode = FALSE
	EndGlobalSection
EndGlobal
